<Solution>
  <Configurations>
    <Platform Name="x64" />
  </Configurations>
  <Folder Name="/Solution Items/">
    <File Path=".editorconfig" />
    <File Path=".gitignore" />
  </Folder>
  <Project Path="ECommons/ECommons/ECommons.csproj">
  	<Platform Project="x64" />
  </Project>
  <Project Path="WrathCombo.API/WrathCombo.API.csproj">
    <Platform Project="x64" />
  </Project>
  <Project Path="WrathCombo/WrathCombo.csproj">
  	<Platform Project="x64" />
  </Project>
</Solution>